{
  "version": 4,
  "terraform_version": "1.15.4",
  "serial": 9,
  "lineage": "98babc44-1b4b-492d-bff7-5c4c6692f714",
  "outputs": {},
  "resources": [
    {
      "mode": "managed",
      "type": "azurerm_subnet",
      "name": "subnets",
      "provider": "provider[\"registry.terraform.io/hashicorp/azurerm\"]",
      "instances": [
        {
          "index_key": "subnet-ashish-3",
          "schema_version": 0,
          "attributes": {
            "address_prefixes": [
              "10.0.1.0/24"
            ],
            "default_outbound_access_enabled": true,
            "delegation": [],
            "id": "/subscriptions/c8813b48-54cc-40bf-b769-72ecf52f8d69/resourceGroups/rg-ashish-1/providers/Microsoft.Network/virtualNetworks/vnet-ashish-3/subnets/subnet-ashish-3",
            "ip_address_pool": [],
            "name": "subnet-ashish-3",
            "private_endpoint_network_policies": "Disabled",
            "private_link_service_network_policies_enabled": true,
            "resource_group_name": "rg-ashish-1",
            "service_endpoint_policy_ids": [],
            "service_endpoints": [],
            "sharing_scope": "",
            "timeouts": null,
            "virtual_network_name": "vnet-ashish-3"
          },
          "sensitive_attributes": [],
          "identity_schema_version": 0,
          "identity": {
            "name": "subnet-ashish-3",
            "resource_group_name": "rg-ashish-1",
            "subscription_id": "c8813b48-54cc-40bf-b769-72ecf52f8d69",
            "virtual_network_name": "vnet-ashish-3"
          },
          "private": "eyJlMmJmYjczMC1lY2FhLTExZTYtOGY4OC0zNDM2M2JjN2M0YzAiOnsiY3JlYXRlIjoxODAwMDAwMDAwMDAwLCJkZWxldGUiOjE4MDAwMDAwMDAwMDAsInJlYWQiOjMwMDAwMDAwMDAwMCwidXBkYXRlIjoxODAwMDAwMDAwMDAwfX0="
        },
        {
          "index_key": "subnet-ashish-5",
          "schema_version": 0,
          "attributes": {
            "address_prefixes": [
              "10.1.2.0/24"
            ],
            "default_outbound_access_enabled": true,
            "delegation": [],
            "id": "/subscriptions/c8813b48-54cc-40bf-b769-72ecf52f8d69/resourceGroups/rg-ashish-2/providers/Microsoft.Network/virtualNetworks/vnet-ashish-4/subnets/subnet-ashish-5",
            "ip_address_pool": [],
            "name": "subnet-ashish-5",
            "private_endpoint_network_policies": "Disabled",
            "private_link_service_network_policies_enabled": true,
            "resource_group_name": "rg-ashish-2",
            "service_endpoint_policy_ids": null,
            "service_endpoints": null,
            "sharing_scope": "",
            "timeouts": null,
            "virtual_network_name": "vnet-ashish-4"
          },
          "sensitive_attributes": [],
          "identity_schema_version": 0,
          "identity": {
            "name": "subnet-ashish-5",
            "resource_group_name": "rg-ashish-2",
            "subscription_id": "c8813b48-54cc-40bf-b769-72ecf52f8d69",
            "virtual_network_name": "vnet-ashish-4"
          },
          "private": "eyJlMmJmYjczMC1lY2FhLTExZTYtOGY4OC0zNDM2M2JjN2M0YzAiOnsiY3JlYXRlIjoxODAwMDAwMDAwMDAwLCJkZWxldGUiOjE4MDAwMDAwMDAwMDAsInJlYWQiOjMwMDAwMDAwMDAwMCwidXBkYXRlIjoxODAwMDAwMDAwMDAwfX0="
        }
      ]
    }
  ],
  "check_results": null
}
