{
  "version": 4,
  "terraform_version": "1.15.4",
  "serial": 14,
  "lineage": "2ae31cd7-e3b7-675c-0101-2e6c53b9c19a",
  "outputs": {},
  "resources": [
    {
      "mode": "managed",
      "type": "azurerm_network_interface",
      "name": "nic",
      "provider": "provider[\"registry.terraform.io/hashicorp/azurerm\"]",
      "instances": [
        {
          "index_key": "nic1",
          "schema_version": 0,
          "attributes": {
            "accelerated_networking_enabled": false,
            "applied_dns_servers": [],
            "auxiliary_mode": "",
            "auxiliary_sku": "",
            "dns_servers": [],
            "edge_zone": "",
            "id": "/subscriptions/c8813b48-54cc-40bf-b769-72ecf52f8d69/resourceGroups/rg-ashish/providers/Microsoft.Network/networkInterfaces/nic-ashish-1",
            "internal_dns_name_label": "",
            "internal_domain_name_suffix": "v3gb3lt1eqvunjcgdkmneon3pc.rx.internal.cloudapp.net",
            "ip_configuration": [
              {
                "gateway_load_balancer_frontend_ip_configuration_id": "",
                "name": "internal",
                "primary": true,
                "private_ip_address": "10.0.1.4",
                "private_ip_address_allocation": "Dynamic",
                "private_ip_address_version": "IPv4",
                "public_ip_address_id": "",
                "subnet_id": "/subscriptions/c8813b48-54cc-40bf-b769-72ecf52f8d69/resourceGroups/rg-ashish/providers/Microsoft.Network/virtualNetworks/vnet-ashish-1/subnets/subnet-ashish"
              }
            ],
            "ip_forwarding_enabled": false,
            "location": "centralindia",
            "mac_address": "00-22-48-6E-68-95",
            "name": "nic-ashish-1",
            "private_ip_address": "10.0.1.4",
            "private_ip_addresses": [
              "10.0.1.4"
            ],
            "resource_group_name": "rg-ashish",
            "tags": {},
            "timeouts": null,
            "virtual_machine_id": "/subscriptions/c8813b48-54cc-40bf-b769-72ecf52f8d69/resourceGroups/rg-ashish/providers/Microsoft.Compute/virtualMachines/vm-ashish-linux-1"
          },
          "sensitive_attributes": [],
          "identity_schema_version": 0,
          "identity": {
            "name": "nic-ashish-1",
            "resource_group_name": "rg-ashish",
            "subscription_id": "c8813b48-54cc-40bf-b769-72ecf52f8d69"
          },
          "private": "eyJlMmJmYjczMC1lY2FhLTExZTYtOGY4OC0zNDM2M2JjN2M0YzAiOnsiY3JlYXRlIjoxODAwMDAwMDAwMDAwLCJkZWxldGUiOjE4MDAwMDAwMDAwMDAsInJlYWQiOjMwMDAwMDAwMDAwMCwidXBkYXRlIjoxODAwMDAwMDAwMDAwfX0="
        },
        {
          "index_key": "nic2",
          "schema_version": 0,
          "attributes": {
            "accelerated_networking_enabled": false,
            "applied_dns_servers": [],
            "auxiliary_mode": "",
            "auxiliary_sku": "",
            "dns_servers": [],
            "edge_zone": "",
            "id": "/subscriptions/c8813b48-54cc-40bf-b769-72ecf52f8d69/resourceGroups/rg-ashish/providers/Microsoft.Network/networkInterfaces/nic-ashish-2",
            "internal_dns_name_label": "",
            "internal_domain_name_suffix": "2vuxx1ig23yeffiibd0kilvquf.lx.internal.cloudapp.net",
            "ip_configuration": [
              {
                "gateway_load_balancer_frontend_ip_configuration_id": "",
                "name": "internal",
                "primary": true,
                "private_ip_address": "10.1.0.4",
                "private_ip_address_allocation": "Dynamic",
                "private_ip_address_version": "IPv4",
                "public_ip_address_id": "",
                "subnet_id": "/subscriptions/c8813b48-54cc-40bf-b769-72ecf52f8d69/resourceGroups/rg-ashish/providers/Microsoft.Network/virtualNetworks/vnet-ashish-2/subnets/subnet-ashish-2"
              }
            ],
            "ip_forwarding_enabled": false,
            "location": "japaneast",
            "mac_address": "70-A8-A5-88-C4-81",
            "name": "nic-ashish-2",
            "private_ip_address": "10.1.0.4",
            "private_ip_addresses": [
              "10.1.0.4"
            ],
            "resource_group_name": "rg-ashish",
            "tags": {},
            "timeouts": null,
            "virtual_machine_id": "/subscriptions/c8813b48-54cc-40bf-b769-72ecf52f8d69/resourceGroups/rg-ashish/providers/Microsoft.Compute/virtualMachines/vm-ashish-linux-2"
          },
          "sensitive_attributes": [],
          "identity_schema_version": 0,
          "identity": {
            "name": "nic-ashish-2",
            "resource_group_name": "rg-ashish",
            "subscription_id": "c8813b48-54cc-40bf-b769-72ecf52f8d69"
          },
          "private": "eyJlMmJmYjczMC1lY2FhLTExZTYtOGY4OC0zNDM2M2JjN2M0YzAiOnsiY3JlYXRlIjoxODAwMDAwMDAwMDAwLCJkZWxldGUiOjE4MDAwMDAwMDAwMDAsInJlYWQiOjMwMDAwMDAwMDAwMCwidXBkYXRlIjoxODAwMDAwMDAwMDAwfX0="
        }
      ]
    }
  ],
  "check_results": null
}
