{
  "version": 4,
  "terraform_version": "1.15.4",
  "serial": 3,
  "lineage": "3960a791-0535-9bb7-075c-81b633c068f3",
  "outputs": {},
  "resources": [
    {
      "mode": "managed",
      "type": "azurerm_virtual_network_peering",
      "name": "peering",
      "provider": "provider[\"registry.terraform.io/hashicorp/azurerm\"]",
      "instances": [
        {
          "index_key": "vnet-ashish-3-to-vnet-ashish-4",
          "schema_version": 0,
          "attributes": {
            "allow_forwarded_traffic": true,
            "allow_gateway_transit": false,
            "allow_virtual_network_access": true,
            "id": "/subscriptions/c8813b48-54cc-40bf-b769-72ecf52f8d69/resourceGroups/rg-ashish-1/providers/Microsoft.Network/virtualNetworks/vnet-ashish-3/virtualNetworkPeerings/peer-ashish-3-to-4",
            "local_subnet_names": null,
            "name": "peer-ashish-3-to-4",
            "only_ipv6_peering_enabled": false,
            "peer_complete_virtual_networks_enabled": true,
            "remote_subnet_names": null,
            "remote_virtual_network_id": "/subscriptions/c8813b48-54cc-40bf-b769-72ecf52f8d69/resourceGroups/rg-ashish-2/providers/Microsoft.Network/virtualNetworks/vnet-ashish-4",
            "resource_group_name": "rg-ashish-1",
            "timeouts": null,
            "triggers": null,
            "use_remote_gateways": false,
            "virtual_network_name": "vnet-ashish-3"
          },
          "sensitive_attributes": [],
          "identity_schema_version": 0,
          "identity": {
            "name": "peer-ashish-3-to-4",
            "resource_group_name": "rg-ashish-1",
            "subscription_id": "c8813b48-54cc-40bf-b769-72ecf52f8d69",
            "virtual_network_name": "vnet-ashish-3"
          },
          "private": "eyJlMmJmYjczMC1lY2FhLTExZTYtOGY4OC0zNDM2M2JjN2M0YzAiOnsiY3JlYXRlIjoxODAwMDAwMDAwMDAwLCJkZWxldGUiOjE4MDAwMDAwMDAwMDAsInJlYWQiOjMwMDAwMDAwMDAwMCwidXBkYXRlIjoxODAwMDAwMDAwMDAwfX0="
        },
        {
          "index_key": "vnet-ashish-4-to-vnet-ashish-3",
          "schema_version": 0,
          "attributes": {
            "allow_forwarded_traffic": true,
            "allow_gateway_transit": false,
            "allow_virtual_network_access": true,
            "id": "/subscriptions/c8813b48-54cc-40bf-b769-72ecf52f8d69/resourceGroups/rg-ashish-2/providers/Microsoft.Network/virtualNetworks/vnet-ashish-4/virtualNetworkPeerings/peer-ashish-4-to-3",
            "local_subnet_names": null,
            "name": "peer-ashish-4-to-3",
            "only_ipv6_peering_enabled": false,
            "peer_complete_virtual_networks_enabled": true,
            "remote_subnet_names": null,
            "remote_virtual_network_id": "/subscriptions/c8813b48-54cc-40bf-b769-72ecf52f8d69/resourceGroups/rg-ashish-1/providers/Microsoft.Network/virtualNetworks/vnet-ashish-3",
            "resource_group_name": "rg-ashish-2",
            "timeouts": null,
            "triggers": null,
            "use_remote_gateways": false,
            "virtual_network_name": "vnet-ashish-4"
          },
          "sensitive_attributes": [],
          "identity_schema_version": 0,
          "identity": {
            "name": "peer-ashish-4-to-3",
            "resource_group_name": "rg-ashish-2",
            "subscription_id": "c8813b48-54cc-40bf-b769-72ecf52f8d69",
            "virtual_network_name": "vnet-ashish-4"
          },
          "private": "eyJlMmJmYjczMC1lY2FhLTExZTYtOGY4OC0zNDM2M2JjN2M0YzAiOnsiY3JlYXRlIjoxODAwMDAwMDAwMDAwLCJkZWxldGUiOjE4MDAwMDAwMDAwMDAsInJlYWQiOjMwMDAwMDAwMDAwMCwidXBkYXRlIjoxODAwMDAwMDAwMDAwfX0="
        }
      ]
    }
  ],
  "check_results": null
}
