{
  "version": 4,
  "terraform_version": "1.15.4",
  "serial": 3,
  "lineage": "145b2a18-f316-266c-eedb-ed1d4415a703",
  "outputs": {},
  "resources": [
    {
      "mode": "managed",
      "type": "azurerm_public_ip",
      "name": "pip",
      "provider": "provider[\"registry.terraform.io/hashicorp/azurerm\"]",
      "instances": [
        {
          "index_key": "pip-ashish-1",
          "schema_version": 0,
          "attributes": {
            "allocation_method": "Static",
            "ddos_protection_mode": "VirtualNetworkInherited",
            "ddos_protection_plan_id": null,
            "domain_name_label": "",
            "domain_name_label_scope": "",
            "edge_zone": "",
            "fqdn": "",
            "id": "/subscriptions/c8813b48-54cc-40bf-b769-72ecf52f8d69/resourceGroups/rg-ashish-1/providers/Microsoft.Network/publicIPAddresses/pip-g6-1",
            "idle_timeout_in_minutes": 4,
            "ip_address": "40.80.80.4",
            "ip_tags": null,
            "ip_version": "IPv4",
            "location": "centralindia",
            "name": "pip-g6-1",
            "public_ip_prefix_id": null,
            "resource_group_name": "rg-ashish-1",
            "reverse_fqdn": "",
            "sku": "Standard",
            "sku_tier": "Regional",
            "tags": null,
            "timeouts": null,
            "zones": null
          },
          "sensitive_attributes": [],
          "identity_schema_version": 0,
          "identity": {
            "name": "pip-g6-1",
            "resource_group_name": "rg-ashish-1",
            "subscription_id": "c8813b48-54cc-40bf-b769-72ecf52f8d69"
          },
          "private": "eyJlMmJmYjczMC1lY2FhLTExZTYtOGY4OC0zNDM2M2JjN2M0YzAiOnsiY3JlYXRlIjoxODAwMDAwMDAwMDAwLCJkZWxldGUiOjE4MDAwMDAwMDAwMDAsInJlYWQiOjMwMDAwMDAwMDAwMCwidXBkYXRlIjoxODAwMDAwMDAwMDAwfX0="
        }
      ]
    }
  ],
  "check_results": null
}
