{
  "version": 4,
  "terraform_version": "1.15.4",
  "serial": 3,
  "lineage": "e57ed4a8-b60c-b994-14fc-0d90d31b4eab",
  "outputs": {},
  "resources": [
    {
      "mode": "managed",
      "type": "azurerm_network_security_rule",
      "name": "secrule",
      "provider": "provider[\"registry.terraform.io/hashicorp/azurerm\"]",
      "instances": [
        {
          "index_key": "secrule-g6-1",
          "schema_version": 0,
          "attributes": {
            "access": "Allow",
            "description": "",
            "destination_address_prefix": "*",
            "destination_address_prefixes": null,
            "destination_application_security_group_ids": null,
            "destination_port_range": "22",
            "destination_port_ranges": null,
            "direction": "Inbound",
            "id": "/subscriptions/c8813b48-54cc-40bf-b769-72ecf52f8d69/resourceGroups/rg-ashish-1/providers/Microsoft.Network/networkSecurityGroups/nsg-g6-1/securityRules/secrule-g6-1",
            "name": "secrule-g6-1",
            "network_security_group_name": "nsg-g6-1",
            "priority": 100,
            "protocol": "Tcp",
            "resource_group_name": "rg-ashish-1",
            "source_address_prefix": "*",
            "source_address_prefixes": null,
            "source_application_security_group_ids": null,
            "source_port_range": "*",
            "source_port_ranges": null,
            "timeouts": null
          },
          "sensitive_attributes": [],
          "identity_schema_version": 0,
          "identity": {
            "name": "secrule-g6-1",
            "network_security_group_name": "nsg-g6-1",
            "resource_group_name": "rg-ashish-1",
            "subscription_id": "c8813b48-54cc-40bf-b769-72ecf52f8d69"
          },
          "private": "eyJlMmJmYjczMC1lY2FhLTExZTYtOGY4OC0zNDM2M2JjN2M0YzAiOnsiY3JlYXRlIjoxODAwMDAwMDAwMDAwLCJkZWxldGUiOjE4MDAwMDAwMDAwMDAsInJlYWQiOjMwMDAwMDAwMDAwMCwidXBkYXRlIjoxODAwMDAwMDAwMDAwfX0="
        },
        {
          "index_key": "secrule-g6-2",
          "schema_version": 0,
          "attributes": {
            "access": "Allow",
            "description": "",
            "destination_address_prefix": "*",
            "destination_address_prefixes": null,
            "destination_application_security_group_ids": null,
            "destination_port_range": "22",
            "destination_port_ranges": null,
            "direction": "Inbound",
            "id": "/subscriptions/c8813b48-54cc-40bf-b769-72ecf52f8d69/resourceGroups/rg-ashish-2/providers/Microsoft.Network/networkSecurityGroups/nsg-g6-2/securityRules/secrule-g6-2-ssh",
            "name": "secrule-g6-2-ssh",
            "network_security_group_name": "nsg-g6-2",
            "priority": 100,
            "protocol": "Tcp",
            "resource_group_name": "rg-ashish-2",
            "source_address_prefix": "*",
            "source_address_prefixes": null,
            "source_application_security_group_ids": null,
            "source_port_range": "*",
            "source_port_ranges": null,
            "timeouts": null
          },
          "sensitive_attributes": [],
          "identity_schema_version": 0,
          "identity": {
            "name": "secrule-g6-2-ssh",
            "network_security_group_name": "nsg-g6-2",
            "resource_group_name": "rg-ashish-2",
            "subscription_id": "c8813b48-54cc-40bf-b769-72ecf52f8d69"
          },
          "private": "eyJlMmJmYjczMC1lY2FhLTExZTYtOGY4OC0zNDM2M2JjN2M0YzAiOnsiY3JlYXRlIjoxODAwMDAwMDAwMDAwLCJkZWxldGUiOjE4MDAwMDAwMDAwMDAsInJlYWQiOjMwMDAwMDAwMDAwMCwidXBkYXRlIjoxODAwMDAwMDAwMDAwfX0="
        }
      ]
    }
  ],
  "check_results": null
}
