{
  "version": 4,
  "terraform_version": "1.15.4",
  "serial": 4,
  "lineage": "8650f958-85df-764c-91df-a3f634fd0b19",
  "outputs": {},
  "resources": [
    {
      "mode": "managed",
      "type": "azurerm_virtual_network_peering",
      "name": "peering",
      "provider": "provider[\"registry.terraform.io/hashicorp/azurerm\"]",
      "instances": [
        {
          "index_key": "vnet-ashish-1-to-vnet-ashish-2",
          "schema_version": 0,
          "attributes": {
            "allow_forwarded_traffic": true,
            "allow_gateway_transit": false,
            "allow_virtual_network_access": true,
            "id": "/subscriptions/c8813b48-54cc-40bf-b769-72ecf52f8d69/resourceGroups/rg-ashish/providers/Microsoft.Network/virtualNetworks/vnet-ashish-1/virtualNetworkPeerings/peer-ashish-1-to-2",
            "local_subnet_names": null,
            "name": "peer-ashish-1-to-2",
            "only_ipv6_peering_enabled": false,
            "peer_complete_virtual_networks_enabled": true,
            "remote_subnet_names": null,
            "remote_virtual_network_id": "/subscriptions/c8813b48-54cc-40bf-b769-72ecf52f8d69/resourceGroups/rg-ashish/providers/Microsoft.Network/virtualNetworks/vnet-ashish-2",
            "resource_group_name": "rg-ashish",
            "timeouts": null,
            "triggers": null,
            "use_remote_gateways": false,
            "virtual_network_name": "vnet-ashish-1"
          },
          "sensitive_attributes": [],
          "identity_schema_version": 0,
          "identity": {
            "name": "peer-ashish-1-to-2",
            "resource_group_name": "rg-ashish",
            "subscription_id": "c8813b48-54cc-40bf-b769-72ecf52f8d69",
            "virtual_network_name": "vnet-ashish-1"
          },
          "private": "eyJlMmJmYjczMC1lY2FhLTExZTYtOGY4OC0zNDM2M2JjN2M0YzAiOnsiY3JlYXRlIjoxODAwMDAwMDAwMDAwLCJkZWxldGUiOjE4MDAwMDAwMDAwMDAsInJlYWQiOjMwMDAwMDAwMDAwMCwidXBkYXRlIjoxODAwMDAwMDAwMDAwfX0="
        },
        {
          "index_key": "vnet-ashish-2-to-vnet-ashish-1",
          "schema_version": 0,
          "attributes": {
            "allow_forwarded_traffic": true,
            "allow_gateway_transit": false,
            "allow_virtual_network_access": true,
            "id": "/subscriptions/c8813b48-54cc-40bf-b769-72ecf52f8d69/resourceGroups/rg-ashish/providers/Microsoft.Network/virtualNetworks/vnet-ashish-2/virtualNetworkPeerings/peer-ashish-2-to-1",
            "local_subnet_names": null,
            "name": "peer-ashish-2-to-1",
            "only_ipv6_peering_enabled": false,
            "peer_complete_virtual_networks_enabled": true,
            "remote_subnet_names": null,
            "remote_virtual_network_id": "/subscriptions/c8813b48-54cc-40bf-b769-72ecf52f8d69/resourceGroups/rg-ashish/providers/Microsoft.Network/virtualNetworks/vnet-ashish-1",
            "resource_group_name": "rg-ashish",
            "timeouts": null,
            "triggers": null,
            "use_remote_gateways": false,
            "virtual_network_name": "vnet-ashish-2"
          },
          "sensitive_attributes": [],
          "identity_schema_version": 0,
          "identity": {
            "name": "peer-ashish-2-to-1",
            "resource_group_name": "rg-ashish",
            "subscription_id": "c8813b48-54cc-40bf-b769-72ecf52f8d69",
            "virtual_network_name": "vnet-ashish-2"
          },
          "private": "eyJlMmJmYjczMC1lY2FhLTExZTYtOGY4OC0zNDM2M2JjN2M0YzAiOnsiY3JlYXRlIjoxODAwMDAwMDAwMDAwLCJkZWxldGUiOjE4MDAwMDAwMDAwMDAsInJlYWQiOjMwMDAwMDAwMDAwMCwidXBkYXRlIjoxODAwMDAwMDAwMDAwfX0="
        }
      ]
    }
  ],
  "check_results": null
}
