{
  "version": 4,
  "terraform_version": "1.15.4",
  "serial": 1,
  "lineage": "147b1aef-d521-3853-d76c-370017d9ae60",
  "outputs": {},
  "resources": [
    {
      "mode": "managed",
      "type": "azurerm_resource_group",
      "name": "resource_group",
      "provider": "provider[\"registry.terraform.io/hashicorp/azurerm\"]",
      "instances": [
        {
          "index_key": "rg1",
          "schema_version": 0,
          "attributes": {
            "id": "/subscriptions/c8813b48-54cc-40bf-b769-72ecf52f8d69/resourceGroups/rg-ashish",
            "location": "centralindia",
            "managed_by": "ashish",
            "name": "rg-ashish",
            "tags": {
              "environment": "dev",
              "owner": "ashish"
            },
            "timeouts": null
          },
          "sensitive_attributes": [],
          "identity_schema_version": 0,
          "identity": {
            "name": "rg-ashish",
            "subscription_id": "c8813b48-54cc-40bf-b769-72ecf52f8d69"
          },
          "private": "eyJlMmJmYjczMC1lY2FhLTExZTYtOGY4OC0zNDM2M2JjN2M0YzAiOnsiY3JlYXRlIjo1NDAwMDAwMDAwMDAwLCJkZWxldGUiOjU0MDAwMDAwMDAwMDAsInJlYWQiOjMwMDAwMDAwMDAwMCwidXBkYXRlIjo1NDAwMDAwMDAwMDAwfX0="
        }
      ]
    }
  ],
  "check_results": null
}
